
Microsoft Visual Studio Solution File, Format Version 12.00
# Visual Studio Version 17
VisualStudioVersion = 17.2.32616.157
MinimumVisualStudioVersion = 10.0.40219.1
Project("{FAE04EC0-301F-11D3-BF4B-00C04F79EFBC}") = "Chub.ApiExplorer.Web", "Chub.ApiExplorer.Web\Chub.ApiExplorer.Web.csproj", "{C49893EF-A084-4CDA-B6AA-0703C70960CC}"
EndProject
Global
	GlobalSection(SolutionConfigurationPlatforms) = preSolution
		Debug|Any CPU = Debug|Any CPU
		Release|Any CPU = Release|Any CPU
	EndGlobalSection
	GlobalSection(ProjectConfigurationPlatforms) = postSolution
		{C49893EF-A084-4CDA-B6AA-0703C70960CC}.Debug|Any CPU.ActiveCfg = Debug|Any CPU
		{C49893EF-A084-4CDA-B6AA-0703C70960CC}.Debug|Any CPU.Build.0 = Debug|Any CPU
		{C49893EF-A084-4CDA-B6AA-0703C70960CC}.Release|Any CPU.ActiveCfg = Release|Any CPU
		{C49893EF-A084-4CDA-B6AA-0703C70960CC}.Release|Any CPU.Build.0 = Release|Any CPU
	EndGlobalSection
	GlobalSection(SolutionProperties) = preSolution
		HideSolutionNode = FALSE
	EndGlobalSection
	GlobalSection(ExtensibilityGlobals) = postSolution
		SolutionGuid = {EF53ECEA-38CE-4D08-AFBE-4B74BAE72C30}
	EndGlobalSection
EndGlobal
